// !$*UTF8*$!
{
	archiveVersion = 1;
	classes = {
	};
	objectVersion = 77;
	objects = {

/* Begin PBXBuildFile section */
		7341DEB22F67AE2F008D4C83 /* AppDelegate.swift in Sources */ = {isa = PBXBuildFile; fileRef = 7341DEA82F67AE2F008D4C83 /* AppDelegate.swift */; };
		7341DEB52F67AE2F008D4C83 /* Assets.xcassets in Resources */ = {isa = PBXBuildFile; fileRef = 7341DEA92F67AE2F008D4C83 /* Assets.xcassets */; };
		7341DEB72F67AE2F008D4C83 /* LaunchScreen.storyboard in Resources */ = {isa = PBXBuildFile; fileRef = 7341DEAC2F67AE2F008D4C83 /* LaunchScreen.storyboard */; };
		734A46502F67B3F500455F6A /* BaseView.swift in Sources */ = {isa = PBXBuildFile; fileRef = 734A464F2F67B3F500455F6A /* BaseView.swift */; };
		734A46522F67B40400455F6A /* BaseViewController.swift in Sources */ = {isa = PBXBuildFile; fileRef = 734A46512F67B40400455F6A /* BaseViewController.swift */; };
		734A46542F67B41500455F6A /* BaseTabBarController.swift in Sources */ = {isa = PBXBuildFile; fileRef = 734A46532F67B41500455F6A /* BaseTabBarController.swift */; };
		734A46562F67B42100455F6A /* BaseNavigationController.swift in Sources */ = {isa = PBXBuildFile; fileRef = 734A46552F67B42100455F6A /* BaseNavigationController.swift */; };
		734A46582F67B68900455F6A /* URLParameterHelper.swift in Sources */ = {isa = PBXBuildFile; fileRef = 734A46572F67B68900455F6A /* URLParameterHelper.swift */; };
		734A465A2F67C70500455F6A /* BaseModel.swift in Sources */ = {isa = PBXBuildFile; fileRef = 734A46592F67C70300455F6A /* BaseModel.swift */; };
		734A465C2F67C77E00455F6A /* NetworkManager.swift in Sources */ = {isa = PBXBuildFile; fileRef = 734A465B2F67C77E00455F6A /* NetworkManager.swift */; };
		734A465E2F67CBF600455F6A /* LoadingView.swift in Sources */ = {isa = PBXBuildFile; fileRef = 734A465D2F67CBF600455F6A /* LoadingView.swift */; };
		734A46602F67CC6500455F6A /* SplashViewController.swift in Sources */ = {isa = PBXBuildFile; fileRef = 734A465F2F67CC6500455F6A /* SplashViewController.swift */; };
		734A46622F67CCBB00455F6A /* NetworkMonitor.swift in Sources */ = {isa = PBXBuildFile; fileRef = 734A46612F67CCBB00455F6A /* NetworkMonitor.swift */; };
		734A46652F67CF4800455F6A /* SplashViewModel.swift in Sources */ = {isa = PBXBuildFile; fileRef = 734A46642F67CF4000455F6A /* SplashViewModel.swift */; };
		734A46672F67CF8B00455F6A /* SplashService.swift in Sources */ = {isa = PBXBuildFile; fileRef = 734A46662F67CF8100455F6A /* SplashService.swift */; };
		734A46692F67D30A00455F6A /* NetworkProxyChecker.swift in Sources */ = {isa = PBXBuildFile; fileRef = 734A46682F67D30A00455F6A /* NetworkProxyChecker.swift */; };
		734A466B2F67D81D00455F6A /* HomeViewController.swift in Sources */ = {isa = PBXBuildFile; fileRef = 734A466A2F67D81D00455F6A /* HomeViewController.swift */; };
		734A466D2F67D82500455F6A /* OrderViewController.swift in Sources */ = {isa = PBXBuildFile; fileRef = 734A466C2F67D82500455F6A /* OrderViewController.swift */; };
		734A466F2F67D82B00455F6A /* MineViewController.swift in Sources */ = {isa = PBXBuildFile; fileRef = 734A466E2F67D82B00455F6A /* MineViewController.swift */; };
		734A46712F67D83500455F6A /* ProductViewController.swift in Sources */ = {isa = PBXBuildFile; fileRef = 734A46702F67D83500455F6A /* ProductViewController.swift */; };
		734A467C2F67D8C100455F6A /* ProductViewModel.swift in Sources */ = {isa = PBXBuildFile; fileRef = 734A467B2F67D8B900455F6A /* ProductViewModel.swift */; };
		734A467E2F67D8D300455F6A /* ProductService.swift in Sources */ = {isa = PBXBuildFile; fileRef = 734A467D2F67D8CB00455F6A /* ProductService.swift */; };
		734A46802F67D8E300455F6A /* FaceViewController.swift in Sources */ = {isa = PBXBuildFile; fileRef = 734A467F2F67D8E300455F6A /* FaceViewController.swift */; };
		734A46822F67D8EB00455F6A /* FaceViewModel.swift in Sources */ = {isa = PBXBuildFile; fileRef = 734A46812F67D8E600455F6A /* FaceViewModel.swift */; };
		734A46842F67D8F400455F6A /* FaceService.swift in Sources */ = {isa = PBXBuildFile; fileRef = 734A46832F67D8EE00455F6A /* FaceService.swift */; };
		734A46862F67F4C900455F6A /* LoginViewController.swift in Sources */ = {isa = PBXBuildFile; fileRef = 734A46852F67F4C900455F6A /* LoginViewController.swift */; };
		734A46882F67F4D700455F6A /* LoginView.swift in Sources */ = {isa = PBXBuildFile; fileRef = 734A46872F67F4D700455F6A /* LoginView.swift */; };
		734A468A2F67F99D00455F6A /* Untitled.swift in Sources */ = {isa = PBXBuildFile; fileRef = 734A46892F67F99D00455F6A /* Untitled.swift */; };
		734A468C2F67FBD700455F6A /* LoginManager.swift in Sources */ = {isa = PBXBuildFile; fileRef = 734A468B2F67FBD700455F6A /* LoginManager.swift */; };
		734A468E2F67FEAB00455F6A /* LanguageManager.swift in Sources */ = {isa = PBXBuildFile; fileRef = 734A468D2F67FEAB00455F6A /* LanguageManager.swift */; };
		734A46912F68032200455F6A /* Localizable.strings in Resources */ = {isa = PBXBuildFile; fileRef = 734A468F2F68032200455F6A /* Localizable.strings */; };
		734A46942F68447400455F6A /* ToastManager.swift in Sources */ = {isa = PBXBuildFile; fileRef = 734A46932F68447400455F6A /* ToastManager.swift */; };
		734A46962F68459C00455F6A /* LoginViewModel.swift in Sources */ = {isa = PBXBuildFile; fileRef = 734A46952F68459600455F6A /* LoginViewModel.swift */; };
		734A46982F6845A900455F6A /* LoginService.swift in Sources */ = {isa = PBXBuildFile; fileRef = 734A46972F68459F00455F6A /* LoginService.swift */; };
		735BAB4A2F6CDA0700F31CDE /* PersonalViewModel.swift in Sources */ = {isa = PBXBuildFile; fileRef = 735BAB492F6CD9FE00F31CDE /* PersonalViewModel.swift */; };
		735BAB4C2F6CDA1000F31CDE /* PersonalService.swift in Sources */ = {isa = PBXBuildFile; fileRef = 735BAB4B2F6CDA0A00F31CDE /* PersonalService.swift */; };
		735BAB4E2F6CE2CE00F31CDE /* PopSelectAuthListView.swift in Sources */ = {isa = PBXBuildFile; fileRef = 735BAB4D2F6CE2CE00F31CDE /* PopSelectAuthListView.swift */; };
		735BAB512F6CF03400F31CDE /* WorkService.swift in Sources */ = {isa = PBXBuildFile; fileRef = 735BAB4F2F6CF03400F31CDE /* WorkService.swift */; };
		735BAB522F6CF03400F31CDE /* WorkViewModel.swift in Sources */ = {isa = PBXBuildFile; fileRef = 735BAB502F6CF03400F31CDE /* WorkViewModel.swift */; };
		735BAB552F6CF2BC00F31CDE /* PoorViewModel.swift in Sources */ = {isa = PBXBuildFile; fileRef = 735BAB542F6CF2BC00F31CDE /* PoorViewModel.swift */; };
		735BAB562F6CF2BC00F31CDE /* PoorService.swift in Sources */ = {isa = PBXBuildFile; fileRef = 735BAB532F6CF2BC00F31CDE /* PoorService.swift */; };
		735BAB582F6D0CC600F31CDE /* HomeCardViewCell.swift in Sources */ = {isa = PBXBuildFile; fileRef = 735BAB572F6D0CC600F31CDE /* HomeCardViewCell.swift */; };
		735BAB5A2F6D0CD400F31CDE /* HomeProductListViewCell.swift in Sources */ = {isa = PBXBuildFile; fileRef = 735BAB592F6D0CD400F31CDE /* HomeProductListViewCell.swift */; };
		73671D522F68E06100160E3B /* MineView.swift in Sources */ = {isa = PBXBuildFile; fileRef = 73671D512F68E06100160E3B /* MineView.swift */; };
		73671D542F68E0A500160E3B /* MineViewModel.swift in Sources */ = {isa = PBXBuildFile; fileRef = 73671D532F68E09F00160E3B /* MineViewModel.swift */; };
		73671D562F68E0AF00160E3B /* MineService.swift in Sources */ = {isa = PBXBuildFile; fileRef = 73671D552F68E0AB00160E3B /* MineService.swift */; };
		73671D582F68E8D600160E3B /* MineOrderView.swift in Sources */ = {isa = PBXBuildFile; fileRef = 73671D572F68E8D600160E3B /* MineOrderView.swift */; };
		73671D5D2F68EE9D00160E3B /* MineListView.swift in Sources */ = {isa = PBXBuildFile; fileRef = 73671D5C2F68EE9D00160E3B /* MineListView.swift */; };
		73671D5F2F68F01F00160E3B /* MineToolsView.swift in Sources */ = {isa = PBXBuildFile; fileRef = 73671D5E2F68F01F00160E3B /* MineToolsView.swift */; };
		73671D612F6918CF00160E3B /* MorningyRouter.swift in Sources */ = {isa = PBXBuildFile; fileRef = 73671D602F6918CF00160E3B /* MorningyRouter.swift */; };
		73671D632F69192200160E3B /* SettingsViewController.swift in Sources */ = {isa = PBXBuildFile; fileRef = 73671D622F69192200160E3B /* SettingsViewController.swift */; };
		73671D652F6919E000160E3B /* H5WebViewController.swift in Sources */ = {isa = PBXBuildFile; fileRef = 73671D642F6919E000160E3B /* H5WebViewController.swift */; };
		73671D692F691AE700160E3B /* AppHeadView.swift in Sources */ = {isa = PBXBuildFile; fileRef = 73671D682F691AE700160E3B /* AppHeadView.swift */; };
		73671D6B2F692B1200160E3B /* MineLogoutView.swift in Sources */ = {isa = PBXBuildFile; fileRef = 73671D6A2F692B1200160E3B /* MineLogoutView.swift */; };
		73671D6D2F692B1D00160E3B /* MineDeleteView.swift in Sources */ = {isa = PBXBuildFile; fileRef = 73671D6C2F692B1D00160E3B /* MineDeleteView.swift */; };
		73671D6F2F693B0000160E3B /* HomeView.swift in Sources */ = {isa = PBXBuildFile; fileRef = 73671D6E2F693B0000160E3B /* HomeView.swift */; };
		73671D712F693B0900160E3B /* MainView.swift in Sources */ = {isa = PBXBuildFile; fileRef = 73671D702F693B0900160E3B /* MainView.swift */; };
		73671D732F693D4F00160E3B /* HomeCardView.swift in Sources */ = {isa = PBXBuildFile; fileRef = 73671D722F693D4F00160E3B /* HomeCardView.swift */; };
		73671D792F69419B00160E3B /* HomeViewModel.swift in Sources */ = {isa = PBXBuildFile; fileRef = 73671D782F69419700160E3B /* HomeViewModel.swift */; };
		73671D7B2F6941A300160E3B /* HomeService.swift in Sources */ = {isa = PBXBuildFile; fileRef = 73671D7A2F69419F00160E3B /* HomeService.swift */; };
		73671D7D2F69527800160E3B /* HomeListView.swift in Sources */ = {isa = PBXBuildFile; fileRef = 73671D7C2F69527800160E3B /* HomeListView.swift */; };
		736DD1032F6A8F20002E1B50 /* FaceListView.swift in Sources */ = {isa = PBXBuildFile; fileRef = 736DD1022F6A8F20002E1B50 /* FaceListView.swift */; };
		736DD1052F6A9310002E1B50 /* PopAlertCardView.swift in Sources */ = {isa = PBXBuildFile; fileRef = 736DD1042F6A9310002E1B50 /* PopAlertCardView.swift */; };
		736DD1072F6AA3D2002E1B50 /* CameraManager.swift in Sources */ = {isa = PBXBuildFile; fileRef = 736DD1062F6AA3D2002E1B50 /* CameraManager.swift */; };
		737E46472F6C4C7700C730F9 /* AppInputViewCell.swift in Sources */ = {isa = PBXBuildFile; fileRef = 737E46462F6C4C7700C730F9 /* AppInputViewCell.swift */; };
		737E46492F6C4C8A00C730F9 /* AppTapViewCell.swift in Sources */ = {isa = PBXBuildFile; fileRef = 737E46482F6C4C8A00C730F9 /* AppTapViewCell.swift */; };
		738AEF422F6B8DFA004DDB0D /* PersonalViewController.swift in Sources */ = {isa = PBXBuildFile; fileRef = 738AEF412F6B8DFA004DDB0D /* PersonalViewController.swift */; };
		738AEF442F6B92E5004DDB0D /* PopSureCardMessageView.swift in Sources */ = {isa = PBXBuildFile; fileRef = 738AEF432F6B92E5004DDB0D /* PopSureCardMessageView.swift */; };
		738AEF462F6B9754004DDB0D /* AppInputView.swift in Sources */ = {isa = PBXBuildFile; fileRef = 738AEF452F6B9754004DDB0D /* AppInputView.swift */; };
		738AEF482F6B9769004DDB0D /* AppTapView.swift in Sources */ = {isa = PBXBuildFile; fileRef = 738AEF472F6B9769004DDB0D /* AppTapView.swift */; };
		738AEF4A2F6B9D8A004DDB0D /* DatePickerView.swift in Sources */ = {isa = PBXBuildFile; fileRef = 738AEF492F6B9D8A004DDB0D /* DatePickerView.swift */; };
		738AEF4C2F6BAB21004DDB0D /* HardWorkViewController.swift in Sources */ = {isa = PBXBuildFile; fileRef = 738AEF4B2F6BAB21004DDB0D /* HardWorkViewController.swift */; };
		738AEF4E2F6BAB38004DDB0D /* FineMeViewController.swift in Sources */ = {isa = PBXBuildFile; fileRef = 738AEF4D2F6BAB38004DDB0D /* FineMeViewController.swift */; };
		738AEF502F6BAB85004DDB0D /* PoorViewController.swift in Sources */ = {isa = PBXBuildFile; fileRef = 738AEF4F2F6BAB85004DDB0D /* PoorViewController.swift */; };
		738AEF522F6BBD0D004DDB0D /* PersonalView.swift in Sources */ = {isa = PBXBuildFile; fileRef = 738AEF512F6BBD0D004DDB0D /* PersonalView.swift */; };
		73CA3F762F6A38DF0037C057 /* ProductView.swift in Sources */ = {isa = PBXBuildFile; fileRef = 73CA3F752F6A38DF0037C057 /* ProductView.swift */; };
		73CA3F782F6A3B130037C057 /* ProductCardView.swift in Sources */ = {isa = PBXBuildFile; fileRef = 73CA3F772F6A3B130037C057 /* ProductCardView.swift */; };
		73CA3F7A2F6A54F70037C057 /* ProductListView.swift in Sources */ = {isa = PBXBuildFile; fileRef = 73CA3F792F6A54F70037C057 /* ProductListView.swift */; };
		A6A664F8C16949DF087E8939 /* Pods_DanaPinjol.framework in Frameworks */ = {isa = PBXBuildFile; fileRef = 7CC2F7CD723FF0644822093C /* Pods_DanaPinjol.framework */; };
/* End PBXBuildFile section */

/* Begin PBXFileReference section */
		33CB9C43DDA77D0519D0E6F4 /* Pods-DanaPinjol.debug.xcconfig */ = {isa = PBXFileReference; includeInIndex = 1; lastKnownFileType = text.xcconfig; name = "Pods-DanaPinjol.debug.xcconfig"; path = "Target Support Files/Pods-DanaPinjol/Pods-DanaPinjol.debug.xcconfig"; sourceTree = "<group>"; };
		50F5AE9A9970D6E1B0F9F78D /* Pods-DanaPinjol.release.xcconfig */ = {isa = PBXFileReference; includeInIndex = 1; lastKnownFileType = text.xcconfig; name = "Pods-DanaPinjol.release.xcconfig"; path = "Target Support Files/Pods-DanaPinjol/Pods-DanaPinjol.release.xcconfig"; sourceTree = "<group>"; };
		7341DE902F67AE28008D4C83 /* DanaPinjol.app */ = {isa = PBXFileReference; explicitFileType = wrapper.application; includeInIndex = 0; path = DanaPinjol.app; sourceTree = BUILT_PRODUCTS_DIR; };
		7341DEA82F67AE2F008D4C83 /* AppDelegate.swift */ = {isa = PBXFileReference; lastKnownFileType = sourcecode.swift; path = AppDelegate.swift; sourceTree = "<group>"; };
		7341DEA92F67AE2F008D4C83 /* Assets.xcassets */ = {isa = PBXFileReference; lastKnownFileType = folder.assetcatalog; path = Assets.xcassets; sourceTree = "<group>"; };
		7341DEAA2F67AE2F008D4C83 /* Info.plist */ = {isa = PBXFileReference; lastKnownFileType = text.plist.xml; path = Info.plist; sourceTree = "<group>"; };
		7341DEAB2F67AE2F008D4C83 /* Base */ = {isa = PBXFileReference; lastKnownFileType = file.storyboard; name = Base; path = Base.lproj/LaunchScreen.storyboard; sourceTree = "<group>"; };
		734A46452F67AEB800455F6A /* DanaPinjol.entitlements */ = {isa = PBXFileReference; lastKnownFileType = text.plist.entitlements; path = DanaPinjol.entitlements; sourceTree = "<group>"; };
		734A464F2F67B3F500455F6A /* BaseView.swift */ = {isa = PBXFileReference; lastKnownFileType = sourcecode.swift; path = BaseView.swift; sourceTree = "<group>"; };
		734A46512F67B40400455F6A /* BaseViewController.swift */ = {isa = PBXFileReference; lastKnownFileType = sourcecode.swift; path = BaseViewController.swift; sourceTree = "<group>"; };
		734A46532F67B41500455F6A /* BaseTabBarController.swift */ = {isa = PBXFileReference; lastKnownFileType = sourcecode.swift; path = BaseTabBarController.swift; sourceTree = "<group>"; };
		734A46552F67B42100455F6A /* BaseNavigationController.swift */ = {isa = PBXFileReference; lastKnownFileType = sourcecode.swift; path = BaseNavigationController.swift; sourceTree = "<group>"; };
		734A46572F67B68900455F6A /* URLParameterHelper.swift */ = {isa = PBXFileReference; lastKnownFileType = sourcecode.swift; path = URLParameterHelper.swift; sourceTree = "<group>"; };
		734A46592F67C70300455F6A /* BaseModel.swift */ = {isa = PBXFileReference; lastKnownFileType = sourcecode.swift; path = BaseModel.swift; sourceTree = "<group>"; };
		734A465B2F67C77E00455F6A /* NetworkManager.swift */ = {isa = PBXFileReference; lastKnownFileType = sourcecode.swift; path = NetworkManager.swift; sourceTree = "<group>"; };
		734A465D2F67CBF600455F6A /* LoadingView.swift */ = {isa = PBXFileReference; lastKnownFileType = sourcecode.swift; path = LoadingView.swift; sourceTree = "<group>"; };
		734A465F2F67CC6500455F6A /* SplashViewController.swift */ = {isa = PBXFileReference; lastKnownFileType = sourcecode.swift; path = SplashViewController.swift; sourceTree = "<group>"; };
		734A46612F67CCBB00455F6A /* NetworkMonitor.swift */ = {isa = PBXFileReference; lastKnownFileType = sourcecode.swift; path = NetworkMonitor.swift; sourceTree = "<group>"; };
		734A46642F67CF4000455F6A /* SplashViewModel.swift */ = {isa = PBXFileReference; lastKnownFileType = sourcecode.swift; path = SplashViewModel.swift; sourceTree = "<group>"; };
		734A46662F67CF8100455F6A /* SplashService.swift */ = {isa = PBXFileReference; lastKnownFileType = sourcecode.swift; path = SplashService.swift; sourceTree = "<group>"; };
		734A46682F67D30A00455F6A /* NetworkProxyChecker.swift */ = {isa = PBXFileReference; lastKnownFileType = sourcecode.swift; path = NetworkProxyChecker.swift; sourceTree = "<group>"; };
		734A466A2F67D81D00455F6A /* HomeViewController.swift */ = {isa = PBXFileReference; lastKnownFileType = sourcecode.swift; path = HomeViewController.swift; sourceTree = "<group>"; };
		734A466C2F67D82500455F6A /* OrderViewController.swift */ = {isa = PBXFileReference; lastKnownFileType = sourcecode.swift; path = OrderViewController.swift; sourceTree = "<group>"; };
		734A466E2F67D82B00455F6A /* MineViewController.swift */ = {isa = PBXFileReference; lastKnownFileType = sourcecode.swift; path = MineViewController.swift; sourceTree = "<group>"; };
		734A46702F67D83500455F6A /* ProductViewController.swift */ = {isa = PBXFileReference; lastKnownFileType = sourcecode.swift; path = ProductViewController.swift; sourceTree = "<group>"; };
		734A467B2F67D8B900455F6A /* ProductViewModel.swift */ = {isa = PBXFileReference; lastKnownFileType = sourcecode.swift; path = ProductViewModel.swift; sourceTree = "<group>"; };
		734A467D2F67D8CB00455F6A /* ProductService.swift */ = {isa = PBXFileReference; lastKnownFileType = sourcecode.swift; path = ProductService.swift; sourceTree = "<group>"; };
		734A467F2F67D8E300455F6A /* FaceViewController.swift */ = {isa = PBXFileReference; lastKnownFileType = sourcecode.swift; path = FaceViewController.swift; sourceTree = "<group>"; };
		734A46812F67D8E600455F6A /* FaceViewModel.swift */ = {isa = PBXFileReference; lastKnownFileType = sourcecode.swift; path = FaceViewModel.swift; sourceTree = "<group>"; };
		734A46832F67D8EE00455F6A /* FaceService.swift */ = {isa = PBXFileReference; lastKnownFileType = sourcecode.swift; path = FaceService.swift; sourceTree = "<group>"; };
		734A46852F67F4C900455F6A /* LoginViewController.swift */ = {isa = PBXFileReference; lastKnownFileType = sourcecode.swift; path = LoginViewController.swift; sourceTree = "<group>"; };
		734A46872F67F4D700455F6A /* LoginView.swift */ = {isa = PBXFileReference; lastKnownFileType = sourcecode.swift; path = LoginView.swift; sourceTree = "<group>"; };
		734A46892F67F99D00455F6A /* Untitled.swift */ = {isa = PBXFileReference; lastKnownFileType = sourcecode.swift; path = Untitled.swift; sourceTree = "<group>"; };
		734A468B2F67FBD700455F6A /* LoginManager.swift */ = {isa = PBXFileReference; lastKnownFileType = sourcecode.swift; path = LoginManager.swift; sourceTree = "<group>"; };
		734A468D2F67FEAB00455F6A /* LanguageManager.swift */ = {isa = PBXFileReference; lastKnownFileType = sourcecode.swift; path = LanguageManager.swift; sourceTree = "<group>"; };
		734A46902F68032200455F6A /* en */ = {isa = PBXFileReference; lastKnownFileType = text.plist.strings; name = en; path = en.lproj/Localizable.strings; sourceTree = "<group>"; };
		734A46922F68033F00455F6A /* id */ = {isa = PBXFileReference; lastKnownFileType = text.plist.strings; name = id; path = id.lproj/Localizable.strings; sourceTree = "<group>"; };
		734A46932F68447400455F6A /* ToastManager.swift */ = {isa = PBXFileReference; lastKnownFileType = sourcecode.swift; path = ToastManager.swift; sourceTree = "<group>"; };
		734A46952F68459600455F6A /* LoginViewModel.swift */ = {isa = PBXFileReference; lastKnownFileType = sourcecode.swift; path = LoginViewModel.swift; sourceTree = "<group>"; };
		734A46972F68459F00455F6A /* LoginService.swift */ = {isa = PBXFileReference; lastKnownFileType = sourcecode.swift; path = LoginService.swift; sourceTree = "<group>"; };
		735BAB492F6CD9FE00F31CDE /* PersonalViewModel.swift */ = {isa = PBXFileReference; lastKnownFileType = sourcecode.swift; path = PersonalViewModel.swift; sourceTree = "<group>"; };
		735BAB4B2F6CDA0A00F31CDE /* PersonalService.swift */ = {isa = PBXFileReference; lastKnownFileType = sourcecode.swift; path = PersonalService.swift; sourceTree = "<group>"; };
		735BAB4D2F6CE2CE00F31CDE /* PopSelectAuthListView.swift */ = {isa = PBXFileReference; lastKnownFileType = sourcecode.swift; path = PopSelectAuthListView.swift; sourceTree = "<group>"; };
		735BAB4F2F6CF03400F31CDE /* WorkService.swift */ = {isa = PBXFileReference; lastKnownFileType = sourcecode.swift; path = WorkService.swift; sourceTree = "<group>"; };
		735BAB502F6CF03400F31CDE /* WorkViewModel.swift */ = {isa = PBXFileReference; lastKnownFileType = sourcecode.swift; path = WorkViewModel.swift; sourceTree = "<group>"; };
		735BAB532F6CF2BC00F31CDE /* PoorService.swift */ = {isa = PBXFileReference; lastKnownFileType = sourcecode.swift; path = PoorService.swift; sourceTree = "<group>"; };
		735BAB542F6CF2BC00F31CDE /* PoorViewModel.swift */ = {isa = PBXFileReference; lastKnownFileType = sourcecode.swift; path = PoorViewModel.swift; sourceTree = "<group>"; };
		735BAB572F6D0CC600F31CDE /* HomeCardViewCell.swift */ = {isa = PBXFileReference; lastKnownFileType = sourcecode.swift; path = HomeCardViewCell.swift; sourceTree = "<group>"; };
		735BAB592F6D0CD400F31CDE /* HomeProductListViewCell.swift */ = {isa = PBXFileReference; lastKnownFileType = sourcecode.swift; path = HomeProductListViewCell.swift; sourceTree = "<group>"; };
		73671D512F68E06100160E3B /* MineView.swift */ = {isa = PBXFileReference; lastKnownFileType = sourcecode.swift; path = MineView.swift; sourceTree = "<group>"; };
		73671D532F68E09F00160E3B /* MineViewModel.swift */ = {isa = PBXFileReference; lastKnownFileType = sourcecode.swift; path = MineViewModel.swift; sourceTree = "<group>"; };
		73671D552F68E0AB00160E3B /* MineService.swift */ = {isa = PBXFileReference; lastKnownFileType = sourcecode.swift; path = MineService.swift; sourceTree = "<group>"; };
		73671D572F68E8D600160E3B /* MineOrderView.swift */ = {isa = PBXFileReference; lastKnownFileType = sourcecode.swift; path = MineOrderView.swift; sourceTree = "<group>"; };
		73671D5C2F68EE9D00160E3B /* MineListView.swift */ = {isa = PBXFileReference; lastKnownFileType = sourcecode.swift; path = MineListView.swift; sourceTree = "<group>"; };
		73671D5E2F68F01F00160E3B /* MineToolsView.swift */ = {isa = PBXFileReference; lastKnownFileType = sourcecode.swift; path = MineToolsView.swift; sourceTree = "<group>"; };
		73671D602F6918CF00160E3B /* MorningyRouter.swift */ = {isa = PBXFileReference; lastKnownFileType = sourcecode.swift; path = MorningyRouter.swift; sourceTree = "<group>"; };
		73671D622F69192200160E3B /* SettingsViewController.swift */ = {isa = PBXFileReference; lastKnownFileType = sourcecode.swift; path = SettingsViewController.swift; sourceTree = "<group>"; };
		73671D642F6919E000160E3B /* H5WebViewController.swift */ = {isa = PBXFileReference; lastKnownFileType = sourcecode.swift; path = H5WebViewController.swift; sourceTree = "<group>"; };
		73671D682F691AE700160E3B /* AppHeadView.swift */ = {isa = PBXFileReference; lastKnownFileType = sourcecode.swift; path = AppHeadView.swift; sourceTree = "<group>"; };
		73671D6A2F692B1200160E3B /* MineLogoutView.swift */ = {isa = PBXFileReference; lastKnownFileType = sourcecode.swift; path = MineLogoutView.swift; sourceTree = "<group>"; };
		73671D6C2F692B1D00160E3B /* MineDeleteView.swift */ = {isa = PBXFileReference; lastKnownFileType = sourcecode.swift; path = MineDeleteView.swift; sourceTree = "<group>"; };
		73671D6E2F693B0000160E3B /* HomeView.swift */ = {isa = PBXFileReference; lastKnownFileType = sourcecode.swift; path = HomeView.swift; sourceTree = "<group>"; };
		73671D702F693B0900160E3B /* MainView.swift */ = {isa = PBXFileReference; lastKnownFileType = sourcecode.swift; path = MainView.swift; sourceTree = "<group>"; };
		73671D722F693D4F00160E3B /* HomeCardView.swift */ = {isa = PBXFileReference; lastKnownFileType = sourcecode.swift; path = HomeCardView.swift; sourceTree = "<group>"; };
		73671D782F69419700160E3B /* HomeViewModel.swift */ = {isa = PBXFileReference; lastKnownFileType = sourcecode.swift; path = HomeViewModel.swift; sourceTree = "<group>"; };
		73671D7A2F69419F00160E3B /* HomeService.swift */ = {isa = PBXFileReference; lastKnownFileType = sourcecode.swift; path = HomeService.swift; sourceTree = "<group>"; };
		73671D7C2F69527800160E3B /* HomeListView.swift */ = {isa = PBXFileReference; lastKnownFileType = sourcecode.swift; path = HomeListView.swift; sourceTree = "<group>"; };
		736DD1022F6A8F20002E1B50 /* FaceListView.swift */ = {isa = PBXFileReference; lastKnownFileType = sourcecode.swift; path = FaceListView.swift; sourceTree = "<group>"; };
		736DD1042F6A9310002E1B50 /* PopAlertCardView.swift */ = {isa = PBXFileReference; lastKnownFileType = sourcecode.swift; path = PopAlertCardView.swift; sourceTree = "<group>"; };
		736DD1062F6AA3D2002E1B50 /* CameraManager.swift */ = {isa = PBXFileReference; lastKnownFileType = sourcecode.swift; path = CameraManager.swift; sourceTree = "<group>"; };
		737E46462F6C4C7700C730F9 /* AppInputViewCell.swift */ = {isa = PBXFileReference; lastKnownFileType = sourcecode.swift; path = AppInputViewCell.swift; sourceTree = "<group>"; };
		737E46482F6C4C8A00C730F9 /* AppTapViewCell.swift */ = {isa = PBXFileReference; lastKnownFileType = sourcecode.swift; path = AppTapViewCell.swift; sourceTree = "<group>"; };
		738AEF412F6B8DFA004DDB0D /* PersonalViewController.swift */ = {isa = PBXFileReference; lastKnownFileType = sourcecode.swift; path = PersonalViewController.swift; sourceTree = "<group>"; };
		738AEF432F6B92E5004DDB0D /* PopSureCardMessageView.swift */ = {isa = PBXFileReference; lastKnownFileType = sourcecode.swift; path = PopSureCardMessageView.swift; sourceTree = "<group>"; };
		738AEF452F6B9754004DDB0D /* AppInputView.swift */ = {isa = PBXFileReference; lastKnownFileType = sourcecode.swift; path = AppInputView.swift; sourceTree = "<group>"; };
		738AEF472F6B9769004DDB0D /* AppTapView.swift */ = {isa = PBXFileReference; lastKnownFileType = sourcecode.swift; path = AppTapView.swift; sourceTree = "<group>"; };
		738AEF492F6B9D8A004DDB0D /* DatePickerView.swift */ = {isa = PBXFileReference; lastKnownFileType = sourcecode.swift; path = DatePickerView.swift; sourceTree = "<group>"; };
		738AEF4B2F6BAB21004DDB0D /* HardWorkViewController.swift */ = {isa = PBXFileReference; lastKnownFileType = sourcecode.swift; path = HardWorkViewController.swift; sourceTree = "<group>"; };
		738AEF4D2F6BAB38004DDB0D /* FineMeViewController.swift */ = {isa = PBXFileReference; lastKnownFileType = sourcecode.swift; path = FineMeViewController.swift; sourceTree = "<group>"; };
		738AEF4F2F6BAB85004DDB0D /* PoorViewController.swift */ = {isa = PBXFileReference; lastKnownFileType = sourcecode.swift; path = PoorViewController.swift; sourceTree = "<group>"; };
		738AEF512F6BBD0D004DDB0D /* PersonalView.swift */ = {isa = PBXFileReference; lastKnownFileType = sourcecode.swift; path = PersonalView.swift; sourceTree = "<group>"; };
		73CA3F752F6A38DF0037C057 /* ProductView.swift */ = {isa = PBXFileReference; lastKnownFileType = sourcecode.swift; path = ProductView.swift; sourceTree = "<group>"; };
		73CA3F772F6A3B130037C057 /* ProductCardView.swift */ = {isa = PBXFileReference; lastKnownFileType = sourcecode.swift; path = ProductCardView.swift; sourceTree = "<group>"; };
		73CA3F792F6A54F70037C057 /* ProductListView.swift */ = {isa = PBXFileReference; lastKnownFileType = sourcecode.swift; path = ProductListView.swift; sourceTree = "<group>"; };
		7CC2F7CD723FF0644822093C /* Pods_DanaPinjol.framework */ = {isa = PBXFileReference; explicitFileType = wrapper.framework; includeInIndex = 0; path = Pods_DanaPinjol.framework; sourceTree = BUILT_PRODUCTS_DIR; };
/* End PBXFileReference section */

/* Begin PBXFrameworksBuildPhase section */
		7341DE8D2F67AE28008D4C83 /* Frameworks */ = {
			isa = PBXFrameworksBuildPhase;
			buildActionMask = 2147483647;
			files = (
				A6A664F8C16949DF087E8939 /* Pods_DanaPinjol.framework in Frameworks */,
			);
			runOnlyForDeploymentPostprocessing = 0;
		};
/* End PBXFrameworksBuildPhase section */

/* Begin PBXGroup section */
		41BB969C538F3ECB42446F16 /* Pods */ = {
			isa = PBXGroup;
			children = (
				33CB9C43DDA77D0519D0E6F4 /* Pods-DanaPinjol.debug.xcconfig */,
				50F5AE9A9970D6E1B0F9F78D /* Pods-DanaPinjol.release.xcconfig */,
			);
			path = Pods;
			sourceTree = "<group>";
		};
		7341DE872F67AE28008D4C83 = {
			isa = PBXGroup;
			children = (
				7341DEB12F67AE2F008D4C83 /* DanaPinjol */,
				7341DE912F67AE28008D4C83 /* Products */,
				41BB969C538F3ECB42446F16 /* Pods */,
				758CC546547ADAD7FF5C4684 /* Frameworks */,
			);
			sourceTree = "<group>";
		};
		7341DE912F67AE28008D4C83 /* Products */ = {
			isa = PBXGroup;
			children = (
				7341DE902F67AE28008D4C83 /* DanaPinjol.app */,
			);
			name = Products;
			sourceTree = "<group>";
		};
		7341DEB12F67AE2F008D4C83 /* DanaPinjol */ = {
			isa = PBXGroup;
			children = (
				7341DEAA2F67AE2F008D4C83 /* Info.plist */,
				7341DEA92F67AE2F008D4C83 /* Assets.xcassets */,
				734A46452F67AEB800455F6A /* DanaPinjol.entitlements */,
				734A468F2F68032200455F6A /* Localizable.strings */,
				7341DEA82F67AE2F008D4C83 /* AppDelegate.swift */,
				7341DEAC2F67AE2F008D4C83 /* LaunchScreen.storyboard */,
				734A464E2F67B12B00455F6A /* Other */,
				734A464D2F67B12B00455F6A /* Http */,
				734A464C2F67B12A00455F6A /* Product */,
				734A464B2F67B12A00455F6A /* Auth */,
				734A464A2F67B12900455F6A /* Mine */,
				734A46492F67B12800455F6A /* Order */,
				734A46482F67B10E00455F6A /* Home */,
				734A46472F67B10B00455F6A /* Login */,
				734A46632F67CF3100455F6A /* Splash */,
				734A46462F67B10400455F6A /* Base */,
			);
			path = DanaPinjol;
			sourceTree = "<group>";
		};
		734A46462F67B10400455F6A /* Base */ = {
			isa = PBXGroup;
			children = (
				734A464F2F67B3F500455F6A /* BaseView.swift */,
				734A46512F67B40400455F6A /* BaseViewController.swift */,
				734A46532F67B41500455F6A /* BaseTabBarController.swift */,
				734A46552F67B42100455F6A /* BaseNavigationController.swift */,
			);
			path = Base;
			sourceTree = "<group>";
		};
		734A46472F67B10B00455F6A /* Login */ = {
			isa = PBXGroup;
			children = (
				734A46972F68459F00455F6A /* LoginService.swift */,
				734A46952F68459600455F6A /* LoginViewModel.swift */,
				734A468B2F67FBD700455F6A /* LoginManager.swift */,
				734A46872F67F4D700455F6A /* LoginView.swift */,
				734A46852F67F4C900455F6A /* LoginViewController.swift */,
			);
			path = Login;
			sourceTree = "<group>";
		};
		734A46482F67B10E00455F6A /* Home */ = {
			isa = PBXGroup;
			children = (
				73671D742F693FA900160E3B /* ViewModel */,
				73671D762F693FCD00160E3B /* HomeView */,
				73671D772F693FD100160E3B /* Controller */,
			);
			path = Home;
			sourceTree = "<group>";
		};
		734A46492F67B12800455F6A /* Order */ = {
			isa = PBXGroup;
			children = (
				734A466C2F67D82500455F6A /* OrderViewController.swift */,
			);
			path = Order;
			sourceTree = "<group>";
		};
		734A464A2F67B12900455F6A /* Mine */ = {
			isa = PBXGroup;
			children = (
				73671D592F68EE7600160E3B /* View */,
				73671D5A2F68EE8000160E3B /* ViewModel */,
				73671D5B2F68EE8800160E3B /* Controller */,
			);
			path = Mine;
			sourceTree = "<group>";
		};
		734A464B2F67B12A00455F6A /* Auth */ = {
			isa = PBXGroup;
			children = (
				734A46722F67D83B00455F6A /* Face */,
				734A46732F67D84300455F6A /* Personal */,
				734A46742F67D84700455F6A /* Work */,
				734A46772F67D84B00455F6A /* Contact */,
				734A46782F67D84C00455F6A /* Bank */,
				734A467A2F67D85100455F6A /* H5Web */,
			);
			path = Auth;
			sourceTree = "<group>";
		};
		734A464C2F67B12A00455F6A /* Product */ = {
			isa = PBXGroup;
			children = (
				73CA3F742F6A38C00037C057 /* View */,
				73CA3F732F6A38BD0037C057 /* Controller */,
				73CA3F722F6A38B30037C057 /* ViewModel */,
			);
			path = Product;
			sourceTree = "<group>";
		};
		734A464D2F67B12B00455F6A /* Http */ = {
			isa = PBXGroup;
			children = (
				73671D602F6918CF00160E3B /* MorningyRouter.swift */,
				734A46612F67CCBB00455F6A /* NetworkMonitor.swift */,
				734A465D2F67CBF600455F6A /* LoadingView.swift */,
				734A46592F67C70300455F6A /* BaseModel.swift */,
				734A465B2F67C77E00455F6A /* NetworkManager.swift */,
				734A46572F67B68900455F6A /* URLParameterHelper.swift */,
			);
			path = Http;
			sourceTree = "<group>";
		};
		734A464E2F67B12B00455F6A /* Other */ = {
			isa = PBXGroup;
			children = (
				734A46932F68447400455F6A /* ToastManager.swift */,
				734A46892F67F99D00455F6A /* Untitled.swift */,
			);
			path = Other;
			sourceTree = "<group>";
		};
		734A46632F67CF3100455F6A /* Splash */ = {
			isa = PBXGroup;
			children = (
				734A46662F67CF8100455F6A /* SplashService.swift */,
				734A46642F67CF4000455F6A /* SplashViewModel.swift */,
				734A468D2F67FEAB00455F6A /* LanguageManager.swift */,
				734A465F2F67CC6500455F6A /* SplashViewController.swift */,
				734A46682F67D30A00455F6A /* NetworkProxyChecker.swift */,
			);
			path = Splash;
			sourceTree = "<group>";
		};
		734A46722F67D83B00455F6A /* Face */ = {
			isa = PBXGroup;
			children = (
				736DD1012F6A8EFD002E1B50 /* View */,
				736DD1002F6A8EFC002E1B50 /* ViewModel */,
				736DD0FF2F6A8EF9002E1B50 /* Controller */,
			);
			path = Face;
			sourceTree = "<group>";
		};
		734A46732F67D84300455F6A /* Personal */ = {
			isa = PBXGroup;
			children = (
				735BAB482F6CD9D800F31CDE /* View */,
				735BAB472F6CD9D700F31CDE /* ViewModel */,
				735BAB462F6CD9D500F31CDE /* Controller */,
			);
			path = Personal;
			sourceTree = "<group>";
		};
		734A46742F67D84700455F6A /* Work */ = {
			isa = PBXGroup;
			children = (
				735BAB4F2F6CF03400F31CDE /* WorkService.swift */,
				735BAB502F6CF03400F31CDE /* WorkViewModel.swift */,
				738AEF4B2F6BAB21004DDB0D /* HardWorkViewController.swift */,
			);
			path = Work;
			sourceTree = "<group>";
		};
		734A46772F67D84B00455F6A /* Contact */ = {
			isa = PBXGroup;
			children = (
				738AEF4D2F6BAB38004DDB0D /* FineMeViewController.swift */,
			);
			path = Contact;
			sourceTree = "<group>";
		};
		734A46782F67D84C00455F6A /* Bank */ = {
			isa = PBXGroup;
			children = (
				735BAB532F6CF2BC00F31CDE /* PoorService.swift */,
				735BAB542F6CF2BC00F31CDE /* PoorViewModel.swift */,
				738AEF4F2F6BAB85004DDB0D /* PoorViewController.swift */,
			);
			path = Bank;
			sourceTree = "<group>";
		};
		734A467A2F67D85100455F6A /* H5Web */ = {
			isa = PBXGroup;
			children = (
				73671D642F6919E000160E3B /* H5WebViewController.swift */,
			);
			path = H5Web;
			sourceTree = "<group>";
		};
		735BAB462F6CD9D500F31CDE /* Controller */ = {
			isa = PBXGroup;
			children = (
				738AEF412F6B8DFA004DDB0D /* PersonalViewController.swift */,
			);
			path = Controller;
			sourceTree = "<group>";
		};
		735BAB472F6CD9D700F31CDE /* ViewModel */ = {
			isa = PBXGroup;
			children = (
				735BAB4B2F6CDA0A00F31CDE /* PersonalService.swift */,
				735BAB492F6CD9FE00F31CDE /* PersonalViewModel.swift */,
			);
			path = ViewModel;
			sourceTree = "<group>";
		};
		735BAB482F6CD9D800F31CDE /* View */ = {
			isa = PBXGroup;
			children = (
				735BAB4D2F6CE2CE00F31CDE /* PopSelectAuthListView.swift */,
				738AEF512F6BBD0D004DDB0D /* PersonalView.swift */,
				737E46462F6C4C7700C730F9 /* AppInputViewCell.swift */,
				737E46482F6C4C8A00C730F9 /* AppTapViewCell.swift */,
			);
			path = View;
			sourceTree = "<group>";
		};
		73671D592F68EE7600160E3B /* View */ = {
			isa = PBXGroup;
			children = (
				73671D512F68E06100160E3B /* MineView.swift */,
				73671D572F68E8D600160E3B /* MineOrderView.swift */,
				73671D5C2F68EE9D00160E3B /* MineListView.swift */,
				73671D5E2F68F01F00160E3B /* MineToolsView.swift */,
				73671D682F691AE700160E3B /* AppHeadView.swift */,
				73671D6A2F692B1200160E3B /* MineLogoutView.swift */,
				73671D6C2F692B1D00160E3B /* MineDeleteView.swift */,
			);
			path = View;
			sourceTree = "<group>";
		};
		73671D5A2F68EE8000160E3B /* ViewModel */ = {
			isa = PBXGroup;
			children = (
				73671D552F68E0AB00160E3B /* MineService.swift */,
				73671D532F68E09F00160E3B /* MineViewModel.swift */,
			);
			path = ViewModel;
			sourceTree = "<group>";
		};
		73671D5B2F68EE8800160E3B /* Controller */ = {
			isa = PBXGroup;
			children = (
				734A466E2F67D82B00455F6A /* MineViewController.swift */,
				73671D622F69192200160E3B /* SettingsViewController.swift */,
			);
			path = Controller;
			sourceTree = "<group>";
		};
		73671D742F693FA900160E3B /* ViewModel */ = {
			isa = PBXGroup;
			children = (
				73671D7A2F69419F00160E3B /* HomeService.swift */,
				73671D782F69419700160E3B /* HomeViewModel.swift */,
			);
			path = ViewModel;
			sourceTree = "<group>";
		};
		73671D762F693FCD00160E3B /* HomeView */ = {
			isa = PBXGroup;
			children = (
				73671D702F693B0900160E3B /* MainView.swift */,
				73671D6E2F693B0000160E3B /* HomeView.swift */,
				73671D722F693D4F00160E3B /* HomeCardView.swift */,
				73671D7C2F69527800160E3B /* HomeListView.swift */,
				735BAB572F6D0CC600F31CDE /* HomeCardViewCell.swift */,
				735BAB592F6D0CD400F31CDE /* HomeProductListViewCell.swift */,
			);
			path = HomeView;
			sourceTree = "<group>";
		};
		73671D772F693FD100160E3B /* Controller */ = {
			isa = PBXGroup;
			children = (
				734A466A2F67D81D00455F6A /* HomeViewController.swift */,
			);
			path = Controller;
			sourceTree = "<group>";
		};
		736DD0FF2F6A8EF9002E1B50 /* Controller */ = {
			isa = PBXGroup;
			children = (
				734A467F2F67D8E300455F6A /* FaceViewController.swift */,
			);
			path = Controller;
			sourceTree = "<group>";
		};
		736DD1002F6A8EFC002E1B50 /* ViewModel */ = {
			isa = PBXGroup;
			children = (
				734A46832F67D8EE00455F6A /* FaceService.swift */,
				734A46812F67D8E600455F6A /* FaceViewModel.swift */,
				736DD1062F6AA3D2002E1B50 /* CameraManager.swift */,
			);
			path = ViewModel;
			sourceTree = "<group>";
		};
		736DD1012F6A8EFD002E1B50 /* View */ = {
			isa = PBXGroup;
			children = (
				738AEF492F6B9D8A004DDB0D /* DatePickerView.swift */,
				736DD1022F6A8F20002E1B50 /* FaceListView.swift */,
				736DD1042F6A9310002E1B50 /* PopAlertCardView.swift */,
				738AEF432F6B92E5004DDB0D /* PopSureCardMessageView.swift */,
				738AEF452F6B9754004DDB0D /* AppInputView.swift */,
				738AEF472F6B9769004DDB0D /* AppTapView.swift */,
			);
			path = View;
			sourceTree = "<group>";
		};
		73CA3F722F6A38B30037C057 /* ViewModel */ = {
			isa = PBXGroup;
			children = (
				734A467D2F67D8CB00455F6A /* ProductService.swift */,
				734A467B2F67D8B900455F6A /* ProductViewModel.swift */,
			);
			path = ViewModel;
			sourceTree = "<group>";
		};
		73CA3F732F6A38BD0037C057 /* Controller */ = {
			isa = PBXGroup;
			children = (
				734A46702F67D83500455F6A /* ProductViewController.swift */,
			);
			path = Controller;
			sourceTree = "<group>";
		};
		73CA3F742F6A38C00037C057 /* View */ = {
			isa = PBXGroup;
			children = (
				73CA3F752F6A38DF0037C057 /* ProductView.swift */,
				73CA3F772F6A3B130037C057 /* ProductCardView.swift */,
				73CA3F792F6A54F70037C057 /* ProductListView.swift */,
			);
			path = View;
			sourceTree = "<group>";
		};
		758CC546547ADAD7FF5C4684 /* Frameworks */ = {
			isa = PBXGroup;
			children = (
				7CC2F7CD723FF0644822093C /* Pods_DanaPinjol.framework */,
			);
			name = Frameworks;
			sourceTree = "<group>";
		};
/* End PBXGroup section */

/* Begin PBXNativeTarget section */
		7341DE8F2F67AE28008D4C83 /* DanaPinjol */ = {
			isa = PBXNativeTarget;
			buildConfigurationList = 7341DEA32F67AE29008D4C83 /* Build configuration list for PBXNativeTarget "DanaPinjol" */;
			buildPhases = (
				4E9D14681FF9F817457E6C66 /* [CP] Check Pods Manifest.lock */,
				7341DE8C2F67AE28008D4C83 /* Sources */,
				7341DE8D2F67AE28008D4C83 /* Frameworks */,
				7341DE8E2F67AE28008D4C83 /* Resources */,
				438DD3B8AB27408EB227F7D3 /* [CP] Embed Pods Frameworks */,
			);
			buildRules = (
			);
			dependencies = (
			);
			name = DanaPinjol;
			productName = DanaPinjol;
			productReference = 7341DE902F67AE28008D4C83 /* DanaPinjol.app */;
			productType = "com.apple.product-type.application";
		};
/* End PBXNativeTarget section */

/* Begin PBXProject section */
		7341DE882F67AE28008D4C83 /* Project object */ = {
			isa = PBXProject;
			attributes = {
				BuildIndependentTargetsInParallel = 1;
				LastSwiftUpdateCheck = 2630;
				LastUpgradeCheck = 2630;
				TargetAttributes = {
					7341DE8F2F67AE28008D4C83 = {
						CreatedOnToolsVersion = 26.3;
					};
				};
			};
			buildConfigurationList = 7341DE8B2F67AE28008D4C83 /* Build configuration list for PBXProject "DanaPinjol" */;
			developmentRegion = en;
			hasScannedForEncodings = 0;
			knownRegions = (
				en,
				Base,
				id,
			);
			mainGroup = 7341DE872F67AE28008D4C83;
			minimizedProjectReferenceProxies = 1;
			preferredProjectObjectVersion = 77;
			productRefGroup = 7341DE912F67AE28008D4C83 /* Products */;
			projectDirPath = "";
			projectRoot = "";
			targets = (
				7341DE8F2F67AE28008D4C83 /* DanaPinjol */,
			);
		};
/* End PBXProject section */

/* Begin PBXResourcesBuildPhase section */
		7341DE8E2F67AE28008D4C83 /* Resources */ = {
			isa = PBXResourcesBuildPhase;
			buildActionMask = 2147483647;
			files = (
				7341DEB52F67AE2F008D4C83 /* Assets.xcassets in Resources */,
				734A46912F68032200455F6A /* Localizable.strings in Resources */,
				7341DEB72F67AE2F008D4C83 /* LaunchScreen.storyboard in Resources */,
			);
			runOnlyForDeploymentPostprocessing = 0;
		};
/* End PBXResourcesBuildPhase section */

/* Begin PBXShellScriptBuildPhase section */
		438DD3B8AB27408EB227F7D3 /* [CP] Embed Pods Frameworks */ = {
			isa = PBXShellScriptBuildPhase;
			buildActionMask = 2147483647;
			files = (
			);
			inputFileListPaths = (
				"${PODS_ROOT}/Target Support Files/Pods-DanaPinjol/Pods-DanaPinjol-frameworks-${CONFIGURATION}-input-files.xcfilelist",
			);
			inputPaths = (
			);
			name = "[CP] Embed Pods Frameworks";
			outputFileListPaths = (
				"${PODS_ROOT}/Target Support Files/Pods-DanaPinjol/Pods-DanaPinjol-frameworks-${CONFIGURATION}-output-files.xcfilelist",
			);
			outputPaths = (
			);
			runOnlyForDeploymentPostprocessing = 0;
			shellPath = /bin/sh;
			shellScript = "\"${PODS_ROOT}/Target Support Files/Pods-DanaPinjol/Pods-DanaPinjol-frameworks.sh\"\n";
			showEnvVarsInLog = 0;
		};
		4E9D14681FF9F817457E6C66 /* [CP] Check Pods Manifest.lock */ = {
			isa = PBXShellScriptBuildPhase;
			buildActionMask = 2147483647;
			files = (
			);
			inputFileListPaths = (
			);
			inputPaths = (
				"${PODS_PODFILE_DIR_PATH}/Podfile.lock",
				"${PODS_ROOT}/Manifest.lock",
			);
			name = "[CP] Check Pods Manifest.lock";
			outputFileListPaths = (
			);
			outputPaths = (
				"$(DERIVED_FILE_DIR)/Pods-DanaPinjol-checkManifestLockResult.txt",
			);
			runOnlyForDeploymentPostprocessing = 0;
			shellPath = /bin/sh;
			shellScript = "diff \"${PODS_PODFILE_DIR_PATH}/Podfile.lock\" \"${PODS_ROOT}/Manifest.lock\" > /dev/null\nif [ $? != 0 ] ; then\n    # print error to STDERR\n    echo \"error: The sandbox is not in sync with the Podfile.lock. Run 'pod install' or update your CocoaPods installation.\" >&2\n    exit 1\nfi\n# This output is used by Xcode 'outputs' to avoid re-running this script phase.\necho \"SUCCESS\" > \"${SCRIPT_OUTPUT_FILE_0}\"\n";
			showEnvVarsInLog = 0;
		};
/* End PBXShellScriptBuildPhase section */

/* Begin PBXSourcesBuildPhase section */
		7341DE8C2F67AE28008D4C83 /* Sources */ = {
			isa = PBXSourcesBuildPhase;
			buildActionMask = 2147483647;
			files = (
				73CA3F762F6A38DF0037C057 /* ProductView.swift in Sources */,
				735BAB4E2F6CE2CE00F31CDE /* PopSelectAuthListView.swift in Sources */,
				738AEF422F6B8DFA004DDB0D /* PersonalViewController.swift in Sources */,
				734A46622F67CCBB00455F6A /* NetworkMonitor.swift in Sources */,
				734A46542F67B41500455F6A /* BaseTabBarController.swift in Sources */,
				7341DEB22F67AE2F008D4C83 /* AppDelegate.swift in Sources */,
				737E46472F6C4C7700C730F9 /* AppInputViewCell.swift in Sources */,
				734A46652F67CF4800455F6A /* SplashViewModel.swift in Sources */,
				734A465A2F67C70500455F6A /* BaseModel.swift in Sources */,
				73671D6F2F693B0000160E3B /* HomeView.swift in Sources */,
				738AEF4E2F6BAB38004DDB0D /* FineMeViewController.swift in Sources */,
				73671D7B2F6941A300160E3B /* HomeService.swift in Sources */,
				734A468C2F67FBD700455F6A /* LoginManager.swift in Sources */,
				73671D6D2F692B1D00160E3B /* MineDeleteView.swift in Sources */,
				738AEF522F6BBD0D004DDB0D /* PersonalView.swift in Sources */,
				738AEF462F6B9754004DDB0D /* AppInputView.swift in Sources */,
				738AEF442F6B92E5004DDB0D /* PopSureCardMessageView.swift in Sources */,
				73671D652F6919E000160E3B /* H5WebViewController.swift in Sources */,
				734A467C2F67D8C100455F6A /* ProductViewModel.swift in Sources */,
				734A466B2F67D81D00455F6A /* HomeViewController.swift in Sources */,
				738AEF4C2F6BAB21004DDB0D /* HardWorkViewController.swift in Sources */,
				734A46962F68459C00455F6A /* LoginViewModel.swift in Sources */,
				73671D542F68E0A500160E3B /* MineViewModel.swift in Sources */,
				734A46982F6845A900455F6A /* LoginService.swift in Sources */,
				73671D7D2F69527800160E3B /* HomeListView.swift in Sources */,
				734A46712F67D83500455F6A /* ProductViewController.swift in Sources */,
				734A46502F67B3F500455F6A /* BaseView.swift in Sources */,
				734A467E2F67D8D300455F6A /* ProductService.swift in Sources */,
				735BAB4A2F6CDA0700F31CDE /* PersonalViewModel.swift in Sources */,
				73671D522F68E06100160E3B /* MineView.swift in Sources */,
				734A468A2F67F99D00455F6A /* Untitled.swift in Sources */,
				734A465C2F67C77E00455F6A /* NetworkManager.swift in Sources */,
				734A46692F67D30A00455F6A /* NetworkProxyChecker.swift in Sources */,
				73671D6B2F692B1200160E3B /* MineLogoutView.swift in Sources */,
				734A46862F67F4C900455F6A /* LoginViewController.swift in Sources */,
				734A468E2F67FEAB00455F6A /* LanguageManager.swift in Sources */,
				734A46882F67F4D700455F6A /* LoginView.swift in Sources */,
				734A46842F67D8F400455F6A /* FaceService.swift in Sources */,
				73671D562F68E0AF00160E3B /* MineService.swift in Sources */,
				73671D632F69192200160E3B /* SettingsViewController.swift in Sources */,
				73671D712F693B0900160E3B /* MainView.swift in Sources */,
				734A46562F67B42100455F6A /* BaseNavigationController.swift in Sources */,
				734A46522F67B40400455F6A /* BaseViewController.swift in Sources */,
				73671D5D2F68EE9D00160E3B /* MineListView.swift in Sources */,
				735BAB5A2F6D0CD400F31CDE /* HomeProductListViewCell.swift in Sources */,
				734A46582F67B68900455F6A /* URLParameterHelper.swift in Sources */,
				73671D612F6918CF00160E3B /* MorningyRouter.swift in Sources */,
				734A46942F68447400455F6A /* ToastManager.swift in Sources */,
				738AEF482F6B9769004DDB0D /* AppTapView.swift in Sources */,
				737E46492F6C4C8A00C730F9 /* AppTapViewCell.swift in Sources */,
				73671D732F693D4F00160E3B /* HomeCardView.swift in Sources */,
				735BAB4C2F6CDA1000F31CDE /* PersonalService.swift in Sources */,
				73671D692F691AE700160E3B /* AppHeadView.swift in Sources */,
				734A46822F67D8EB00455F6A /* FaceViewModel.swift in Sources */,
				73671D582F68E8D600160E3B /* MineOrderView.swift in Sources */,
				73CA3F782F6A3B130037C057 /* ProductCardView.swift in Sources */,
				734A46802F67D8E300455F6A /* FaceViewController.swift in Sources */,
				738AEF502F6BAB85004DDB0D /* PoorViewController.swift in Sources */,
				736DD1032F6A8F20002E1B50 /* FaceListView.swift in Sources */,
				734A466F2F67D82B00455F6A /* MineViewController.swift in Sources */,
				73671D5F2F68F01F00160E3B /* MineToolsView.swift in Sources */,
				73671D792F69419B00160E3B /* HomeViewModel.swift in Sources */,
				735BAB552F6CF2BC00F31CDE /* PoorViewModel.swift in Sources */,
				735BAB562F6CF2BC00F31CDE /* PoorService.swift in Sources */,
				735BAB512F6CF03400F31CDE /* WorkService.swift in Sources */,
				735BAB522F6CF03400F31CDE /* WorkViewModel.swift in Sources */,
				735BAB582F6D0CC600F31CDE /* HomeCardViewCell.swift in Sources */,
				734A465E2F67CBF600455F6A /* LoadingView.swift in Sources */,
				73CA3F7A2F6A54F70037C057 /* ProductListView.swift in Sources */,
				734A46672F67CF8B00455F6A /* SplashService.swift in Sources */,
				736DD1052F6A9310002E1B50 /* PopAlertCardView.swift in Sources */,
				734A46602F67CC6500455F6A /* SplashViewController.swift in Sources */,
				738AEF4A2F6B9D8A004DDB0D /* DatePickerView.swift in Sources */,
				734A466D2F67D82500455F6A /* OrderViewController.swift in Sources */,
				736DD1072F6AA3D2002E1B50 /* CameraManager.swift in Sources */,
			);
			runOnlyForDeploymentPostprocessing = 0;
		};
/* End PBXSourcesBuildPhase section */

/* Begin PBXVariantGroup section */
		7341DEAC2F67AE2F008D4C83 /* LaunchScreen.storyboard */ = {
			isa = PBXVariantGroup;
			children = (
				7341DEAB2F67AE2F008D4C83 /* Base */,
			);
			name = LaunchScreen.storyboard;
			sourceTree = "<group>";
		};
		734A468F2F68032200455F6A /* Localizable.strings */ = {
			isa = PBXVariantGroup;
			children = (
				734A46902F68032200455F6A /* en */,
				734A46922F68033F00455F6A /* id */,
			);
			name = Localizable.strings;
			sourceTree = "<group>";
		};
/* End PBXVariantGroup section */

/* Begin XCBuildConfiguration section */
		7341DEA42F67AE29008D4C83 /* Debug */ = {
			isa = XCBuildConfiguration;
			baseConfigurationReference = 33CB9C43DDA77D0519D0E6F4 /* Pods-DanaPinjol.debug.xcconfig */;
			buildSettings = {
				ASSETCATALOG_COMPILER_APPICON_NAME = AppIcon;
				ASSETCATALOG_COMPILER_GLOBAL_ACCENT_COLOR_NAME = AccentColor;
				CODE_SIGN_ENTITLEMENTS = DanaPinjol/DanaPinjol.entitlements;
				CODE_SIGN_STYLE = Automatic;
				CURRENT_PROJECT_VERSION = 1;
				DEVELOPMENT_TEAM = 57MBH2272N;
				ENABLE_USER_SCRIPT_SANDBOXING = NO;
				GENERATE_INFOPLIST_FILE = YES;
				INFOPLIST_FILE = DanaPinjol/Info.plist;
				INFOPLIST_KEY_CFBundleDisplayName = "Dana Pinjol";
				INFOPLIST_KEY_UIApplicationSupportsIndirectInputEvents = YES;
				INFOPLIST_KEY_UILaunchStoryboardName = LaunchScreen;
				INFOPLIST_KEY_UISupportedInterfaceOrientations = UIInterfaceOrientationPortrait;
				INFOPLIST_KEY_UISupportedInterfaceOrientations_iPad = "UIInterfaceOrientationLandscapeLeft UIInterfaceOrientationLandscapeRight UIInterfaceOrientationPortrait UIInterfaceOrientationPortraitUpsideDown";
				IPHONEOS_DEPLOYMENT_TARGET = 14.0;
				LD_RUNPATH_SEARCH_PATHS = (
					"$(inherited)",
					"@executable_path/Frameworks",
				);
				MARKETING_VERSION = 1.0.0;
				PRODUCT_BUNDLE_IDENTIFIER = ll.leap.loan;
				PRODUCT_NAME = "$(TARGET_NAME)";
				STRING_CATALOG_GENERATE_SYMBOLS = YES;
				SUPPORTED_PLATFORMS = "iphoneos iphonesimulator";
				SUPPORTS_MACCATALYST = NO;
				SUPPORTS_MAC_DESIGNED_FOR_IPHONE_IPAD = NO;
				SUPPORTS_XR_DESIGNED_FOR_IPHONE_IPAD = NO;
				SWIFT_APPROACHABLE_CONCURRENCY = YES;
				SWIFT_DEFAULT_ACTOR_ISOLATION = MainActor;
				SWIFT_EMIT_LOC_STRINGS = YES;
				SWIFT_UPCOMING_FEATURE_MEMBER_IMPORT_VISIBILITY = YES;
				SWIFT_VERSION = 5.0;
				TARGETED_DEVICE_FAMILY = 1;
			};
			name = Debug;
		};
		7341DEA52F67AE29008D4C83 /* Release */ = {
			isa = XCBuildConfiguration;
			baseConfigurationReference = 50F5AE9A9970D6E1B0F9F78D /* Pods-DanaPinjol.release.xcconfig */;
			buildSettings = {
				ASSETCATALOG_COMPILER_APPICON_NAME = AppIcon;
				ASSETCATALOG_COMPILER_GLOBAL_ACCENT_COLOR_NAME = AccentColor;
				CODE_SIGN_ENTITLEMENTS = DanaPinjol/DanaPinjol.entitlements;
				CODE_SIGN_STYLE = Automatic;
				CURRENT_PROJECT_VERSION = 1;
				DEVELOPMENT_TEAM = 57MBH2272N;
				ENABLE_USER_SCRIPT_SANDBOXING = NO;
				GENERATE_INFOPLIST_FILE = YES;
				INFOPLIST_FILE = DanaPinjol/Info.plist;
				INFOPLIST_KEY_CFBundleDisplayName = "Dana Pinjol";
				INFOPLIST_KEY_UIApplicationSupportsIndirectInputEvents = YES;
				INFOPLIST_KEY_UILaunchStoryboardName = LaunchScreen;
				INFOPLIST_KEY_UISupportedInterfaceOrientations = UIInterfaceOrientationPortrait;
				INFOPLIST_KEY_UISupportedInterfaceOrientations_iPad = "UIInterfaceOrientationLandscapeLeft UIInterfaceOrientationLandscapeRight UIInterfaceOrientationPortrait UIInterfaceOrientationPortraitUpsideDown";
				IPHONEOS_DEPLOYMENT_TARGET = 14.0;
				LD_RUNPATH_SEARCH_PATHS = (
					"$(inherited)",
					"@executable_path/Frameworks",
				);
				MARKETING_VERSION = 1.0.0;
				PRODUCT_BUNDLE_IDENTIFIER = ll.leap.loan;
				PRODUCT_NAME = "$(TARGET_NAME)";
				STRING_CATALOG_GENERATE_SYMBOLS = YES;
				SUPPORTED_PLATFORMS = "iphoneos iphonesimulator";
				SUPPORTS_MACCATALYST = NO;
				SUPPORTS_MAC_DESIGNED_FOR_IPHONE_IPAD = NO;
				SUPPORTS_XR_DESIGNED_FOR_IPHONE_IPAD = NO;
				SWIFT_APPROACHABLE_CONCURRENCY = YES;
				SWIFT_DEFAULT_ACTOR_ISOLATION = MainActor;
				SWIFT_EMIT_LOC_STRINGS = YES;
				SWIFT_UPCOMING_FEATURE_MEMBER_IMPORT_VISIBILITY = YES;
				SWIFT_VERSION = 5.0;
				TARGETED_DEVICE_FAMILY = 1;
			};
			name = Release;
		};
		7341DEA62F67AE29008D4C83 /* Debug */ = {
			isa = XCBuildConfiguration;
			buildSettings = {
				ALWAYS_SEARCH_USER_PATHS = NO;
				ASSETCATALOG_COMPILER_GENERATE_SWIFT_ASSET_SYMBOL_EXTENSIONS = YES;
				CLANG_ANALYZER_LOCALIZABILITY_NONLOCALIZED = YES;
				CLANG_ANALYZER_NONNULL = YES;
				CLANG_ANALYZER_NUMBER_OBJECT_CONVERSION = YES_AGGRESSIVE;
				CLANG_CXX_LANGUAGE_STANDARD = "gnu++20";
				CLANG_ENABLE_MODULES = YES;
				CLANG_ENABLE_OBJC_ARC = YES;
				CLANG_ENABLE_OBJC_WEAK = YES;
				CLANG_WARN_BLOCK_CAPTURE_AUTORELEASING = YES;
				CLANG_WARN_BOOL_CONVERSION = YES;
				CLANG_WARN_COMMA = YES;
				CLANG_WARN_CONSTANT_CONVERSION = YES;
				CLANG_WARN_DEPRECATED_OBJC_IMPLEMENTATIONS = YES;
				CLANG_WARN_DIRECT_OBJC_ISA_USAGE = YES_ERROR;
				CLANG_WARN_DOCUMENTATION_COMMENTS = YES;
				CLANG_WARN_EMPTY_BODY = YES;
				CLANG_WARN_ENUM_CONVERSION = YES;
				CLANG_WARN_INFINITE_RECURSION = YES;
				CLANG_WARN_INT_CONVERSION = YES;
				CLANG_WARN_NON_LITERAL_NULL_CONVERSION = YES;
				CLANG_WARN_OBJC_IMPLICIT_RETAIN_SELF = YES;
				CLANG_WARN_OBJC_LITERAL_CONVERSION = YES;
				CLANG_WARN_OBJC_ROOT_CLASS = YES_ERROR;
				CLANG_WARN_QUOTED_INCLUDE_IN_FRAMEWORK_HEADER = YES;
				CLANG_WARN_RANGE_LOOP_ANALYSIS = YES;
				CLANG_WARN_STRICT_PROTOTYPES = YES;
				CLANG_WARN_SUSPICIOUS_MOVE = YES;
				CLANG_WARN_UNGUARDED_AVAILABILITY = YES_AGGRESSIVE;
				CLANG_WARN_UNREACHABLE_CODE = YES;
				CLANG_WARN__DUPLICATE_METHOD_MATCH = YES;
				COPY_PHASE_STRIP = NO;
				DEBUG_INFORMATION_FORMAT = dwarf;
				ENABLE_STRICT_OBJC_MSGSEND = YES;
				ENABLE_TESTABILITY = YES;
				ENABLE_USER_SCRIPT_SANDBOXING = YES;
				GCC_C_LANGUAGE_STANDARD = gnu17;
				GCC_DYNAMIC_NO_PIC = NO;
				GCC_NO_COMMON_BLOCKS = YES;
				GCC_OPTIMIZATION_LEVEL = 0;
				GCC_PREPROCESSOR_DEFINITIONS = (
					"DEBUG=1",
					"$(inherited)",
				);
				GCC_WARN_64_TO_32_BIT_CONVERSION = YES;
				GCC_WARN_ABOUT_RETURN_TYPE = YES_ERROR;
				GCC_WARN_UNDECLARED_SELECTOR = YES;
				GCC_WARN_UNINITIALIZED_AUTOS = YES_AGGRESSIVE;
				GCC_WARN_UNUSED_FUNCTION = YES;
				GCC_WARN_UNUSED_VARIABLE = YES;
				IPHONEOS_DEPLOYMENT_TARGET = 26.2;
				LOCALIZATION_PREFERS_STRING_CATALOGS = YES;
				MTL_ENABLE_DEBUG_INFO = INCLUDE_SOURCE;
				MTL_FAST_MATH = YES;
				ONLY_ACTIVE_ARCH = YES;
				SDKROOT = iphoneos;
				SWIFT_ACTIVE_COMPILATION_CONDITIONS = "DEBUG $(inherited)";
				SWIFT_OPTIMIZATION_LEVEL = "-Onone";
			};
			name = Debug;
		};
		7341DEA72F67AE29008D4C83 /* Release */ = {
			isa = XCBuildConfiguration;
			buildSettings = {
				ALWAYS_SEARCH_USER_PATHS = NO;
				ASSETCATALOG_COMPILER_GENERATE_SWIFT_ASSET_SYMBOL_EXTENSIONS = YES;
				CLANG_ANALYZER_LOCALIZABILITY_NONLOCALIZED = YES;
				CLANG_ANALYZER_NONNULL = YES;
				CLANG_ANALYZER_NUMBER_OBJECT_CONVERSION = YES_AGGRESSIVE;
				CLANG_CXX_LANGUAGE_STANDARD = "gnu++20";
				CLANG_ENABLE_MODULES = YES;
				CLANG_ENABLE_OBJC_ARC = YES;
				CLANG_ENABLE_OBJC_WEAK = YES;
				CLANG_WARN_BLOCK_CAPTURE_AUTORELEASING = YES;
				CLANG_WARN_BOOL_CONVERSION = YES;
				CLANG_WARN_COMMA = YES;
				CLANG_WARN_CONSTANT_CONVERSION = YES;
				CLANG_WARN_DEPRECATED_OBJC_IMPLEMENTATIONS = YES;
				CLANG_WARN_DIRECT_OBJC_ISA_USAGE = YES_ERROR;
				CLANG_WARN_DOCUMENTATION_COMMENTS = YES;
				CLANG_WARN_EMPTY_BODY = YES;
				CLANG_WARN_ENUM_CONVERSION = YES;
				CLANG_WARN_INFINITE_RECURSION = YES;
				CLANG_WARN_INT_CONVERSION = YES;
				CLANG_WARN_NON_LITERAL_NULL_CONVERSION = YES;
				CLANG_WARN_OBJC_IMPLICIT_RETAIN_SELF = YES;
				CLANG_WARN_OBJC_LITERAL_CONVERSION = YES;
				CLANG_WARN_OBJC_ROOT_CLASS = YES_ERROR;
				CLANG_WARN_QUOTED_INCLUDE_IN_FRAMEWORK_HEADER = YES;
				CLANG_WARN_RANGE_LOOP_ANALYSIS = YES;
				CLANG_WARN_STRICT_PROTOTYPES = YES;
				CLANG_WARN_SUSPICIOUS_MOVE = YES;
				CLANG_WARN_UNGUARDED_AVAILABILITY = YES_AGGRESSIVE;
				CLANG_WARN_UNREACHABLE_CODE = YES;
				CLANG_WARN__DUPLICATE_METHOD_MATCH = YES;
				COPY_PHASE_STRIP = NO;
				DEBUG_INFORMATION_FORMAT = "dwarf-with-dsym";
				ENABLE_NS_ASSERTIONS = NO;
				ENABLE_STRICT_OBJC_MSGSEND = YES;
				ENABLE_USER_SCRIPT_SANDBOXING = YES;
				GCC_C_LANGUAGE_STANDARD = gnu17;
				GCC_NO_COMMON_BLOCKS = YES;
				GCC_WARN_64_TO_32_BIT_CONVERSION = YES;
				GCC_WARN_ABOUT_RETURN_TYPE = YES_ERROR;
				GCC_WARN_UNDECLARED_SELECTOR = YES;
				GCC_WARN_UNINITIALIZED_AUTOS = YES_AGGRESSIVE;
				GCC_WARN_UNUSED_FUNCTION = YES;
				GCC_WARN_UNUSED_VARIABLE = YES;
				IPHONEOS_DEPLOYMENT_TARGET = 26.2;
				LOCALIZATION_PREFERS_STRING_CATALOGS = YES;
				MTL_ENABLE_DEBUG_INFO = NO;
				MTL_FAST_MATH = YES;
				SDKROOT = iphoneos;
				SWIFT_COMPILATION_MODE = wholemodule;
				VALIDATE_PRODUCT = YES;
			};
			name = Release;
		};
/* End XCBuildConfiguration section */

/* Begin XCConfigurationList section */
		7341DE8B2F67AE28008D4C83 /* Build configuration list for PBXProject "DanaPinjol" */ = {
			isa = XCConfigurationList;
			buildConfigurations = (
				7341DEA62F67AE29008D4C83 /* Debug */,
				7341DEA72F67AE29008D4C83 /* Release */,
			);
			defaultConfigurationIsVisible = 0;
			defaultConfigurationName = Release;
		};
		7341DEA32F67AE29008D4C83 /* Build configuration list for PBXNativeTarget "DanaPinjol" */ = {
			isa = XCConfigurationList;
			buildConfigurations = (
				7341DEA42F67AE29008D4C83 /* Debug */,
				7341DEA52F67AE29008D4C83 /* Release */,
			);
			defaultConfigurationIsVisible = 0;
			defaultConfigurationName = Release;
		};
/* End XCConfigurationList section */
	};
	rootObject = 7341DE882F67AE28008D4C83 /* Project object */;
}
